
Microsoft Visual Studio Solution File, Format Version 12.00
# Visual Studio 15
Project("{FAE04EC0-301F-11D3-BF4B-00C04F79EFBC}") = "IDMPhotoBrowserBindings", "src\IDMPhotoBrowserBindings.csproj", "{C7B90F06-F1FF-4651-B5CF-136545995266}"
EndProject
Project("{FAE04EC0-301F-11D3-BF4B-00C04F79EFBC}") = "IDMPhotoBrowserSamples", "samples\IDMPhotoBrowserSamples.csproj", "{90C04398-73AD-4CBB-837A-44DAEE3E0B71}"
EndProject
Global
	GlobalSection(SolutionConfigurationPlatforms) = preSolution
		Debug|Any CPU = Debug|Any CPU
		Release|Any CPU = Release|Any CPU
		Debug|iPhoneSimulator = Debug|iPhoneSimulator
		Release|iPhone = Release|iPhone
		Release|iPhoneSimulator = Release|iPhoneSimulator
		Debug|iPhone = Debug|iPhone
	EndGlobalSection
	GlobalSection(ProjectConfigurationPlatforms) = postSolution
		{C7B90F06-F1FF-4651-B5CF-136545995266}.Debug|Any CPU.ActiveCfg = Debug|Any CPU
		{C7B90F06-F1FF-4651-B5CF-136545995266}.Debug|Any CPU.Build.0 = Debug|Any CPU
		{C7B90F06-F1FF-4651-B5CF-136545995266}.Release|Any CPU.ActiveCfg = Release|Any CPU
		{C7B90F06-F1FF-4651-B5CF-136545995266}.Release|Any CPU.Build.0 = Release|Any CPU
		{C7B90F06-F1FF-4651-B5CF-136545995266}.Debug|iPhoneSimulator.ActiveCfg = Debug|Any CPU
		{C7B90F06-F1FF-4651-B5CF-136545995266}.Debug|iPhoneSimulator.Build.0 = Debug|Any CPU
		{C7B90F06-F1FF-4651-B5CF-136545995266}.Release|iPhone.ActiveCfg = Release|Any CPU
		{C7B90F06-F1FF-4651-B5CF-136545995266}.Release|iPhone.Build.0 = Release|Any CPU
		{C7B90F06-F1FF-4651-B5CF-136545995266}.Release|iPhoneSimulator.ActiveCfg = Release|Any CPU
		{C7B90F06-F1FF-4651-B5CF-136545995266}.Release|iPhoneSimulator.Build.0 = Release|Any CPU
		{C7B90F06-F1FF-4651-B5CF-136545995266}.Debug|iPhone.ActiveCfg = Debug|Any CPU
		{C7B90F06-F1FF-4651-B5CF-136545995266}.Debug|iPhone.Build.0 = Debug|Any CPU
		{90C04398-73AD-4CBB-837A-44DAEE3E0B71}.Debug|Any CPU.ActiveCfg = Debug|iPhoneSimulator
		{90C04398-73AD-4CBB-837A-44DAEE3E0B71}.Debug|Any CPU.Build.0 = Debug|iPhoneSimulator
		{90C04398-73AD-4CBB-837A-44DAEE3E0B71}.Release|Any CPU.ActiveCfg = Release|iPhone
		{90C04398-73AD-4CBB-837A-44DAEE3E0B71}.Release|Any CPU.Build.0 = Release|iPhone
		{90C04398-73AD-4CBB-837A-44DAEE3E0B71}.Debug|iPhoneSimulator.ActiveCfg = Debug|iPhoneSimulator
		{90C04398-73AD-4CBB-837A-44DAEE3E0B71}.Debug|iPhoneSimulator.Build.0 = Debug|iPhoneSimulator
		{90C04398-73AD-4CBB-837A-44DAEE3E0B71}.Release|iPhone.ActiveCfg = Release|iPhone
		{90C04398-73AD-4CBB-837A-44DAEE3E0B71}.Release|iPhone.Build.0 = Release|iPhone
		{90C04398-73AD-4CBB-837A-44DAEE3E0B71}.Release|iPhoneSimulator.ActiveCfg = Release|iPhoneSimulator
		{90C04398-73AD-4CBB-837A-44DAEE3E0B71}.Release|iPhoneSimulator.Build.0 = Release|iPhoneSimulator
		{90C04398-73AD-4CBB-837A-44DAEE3E0B71}.Debug|iPhone.ActiveCfg = Debug|iPhone
		{90C04398-73AD-4CBB-837A-44DAEE3E0B71}.Debug|iPhone.Build.0 = Debug|iPhone
	EndGlobalSection
EndGlobal
