PODS:
  - DACircularProgress (2.3.1)
  - IDMPhotoBrowser (1.11.3):
    - DACircularProgress
    - pop
    - SDWebImage (= 4.0.0)
  - pop (1.0.10)
  - SDWebImage (4.0.0):
    - SDWebImage/Core (= 4.0.0)
  - SDWebImage/Core (4.0.0)

DEPENDENCIES:
  - IDMPhotoBrowser

SPEC CHECKSUMS:
  DACircularProgress: 4dd437c0fc3da5161cb289e07ac449493d41db71
  IDMPhotoBrowser: b96159fe4adb991a844068eb17dab9c0b7d7e51a
  pop: 82ca6b068ce9278fd350fd9dd09482a0ce9492e6
  SDWebImage: 76a6348bdc74eb5a55dd08a091ef298e56b55e41

PODFILE CHECKSUM: 60d0e70a80e49accf7f6626d02cd6b2f8542cdcd

COCOAPODS: 1.4.0
